
Microsoft Visual Studio Solution File, Format Version 12.00
# Visual Studio 2013
VisualStudioVersion = 12.0.31101.0
MinimumVisualStudioVersion = 10.0.40219.1
Project("{FAE04EC0-301F-11D3-BF4B-00C04F79EFBC}") = "isPangram", "isPangram\isPangram.csproj", "{92D69697-1832-4C30-B4CC-9CA70EC6383A}"
EndProject
Project("{FAE04EC0-301F-11D3-BF4B-00C04F79EFBC}") = "Pangrams", "pangrams\Pangrams.csproj", "{4D589A65-91D1-4526-942F-E20FAA7032C0}"
EndProject
Project("{FAE04EC0-301F-11D3-BF4B-00C04F79EFBC}") = "sortWords", "sortWords\sortWords.csproj", "{B73356D0-DC05-4605-9403-6D0F1043D8C7}"
EndProject
Global
	GlobalSection(TeamFoundationVersionControl) = preSolution
		SccNumberOfProjects = 4
		SccEnterpriseProvider = {4CA58AB2-18FA-4F8D-95D4-32DDF27D184C}
		SccTeamFoundationServer = https://tonybao.visualstudio.com/defaultcollection
		SccLocalPath0 = .
		SccProjectUniqueName1 = isPangram\\isPangram.csproj
		SccProjectName1 = isPangram
		SccLocalPath1 = isPangram
		SccProjectUniqueName2 = pangrams\\Pangrams.csproj
		SccProjectName2 = pangrams
		SccLocalPath2 = pangrams
		SccProjectUniqueName3 = sortWords\\sortWords.csproj
		SccProjectName3 = sortWords
		SccLocalPath3 = sortWords
	EndGlobalSection
	GlobalSection(SolutionConfigurationPlatforms) = preSolution
		Debug|Any CPU = Debug|Any CPU
		Release|Any CPU = Release|Any CPU
	EndGlobalSection
	GlobalSection(ProjectConfigurationPlatforms) = postSolution
		{92D69697-1832-4C30-B4CC-9CA70EC6383A}.Debug|Any CPU.ActiveCfg = Debug|Any CPU
		{92D69697-1832-4C30-B4CC-9CA70EC6383A}.Debug|Any CPU.Build.0 = Debug|Any CPU
		{92D69697-1832-4C30-B4CC-9CA70EC6383A}.Release|Any CPU.ActiveCfg = Release|Any CPU
		{92D69697-1832-4C30-B4CC-9CA70EC6383A}.Release|Any CPU.Build.0 = Release|Any CPU
		{4D589A65-91D1-4526-942F-E20FAA7032C0}.Debug|Any CPU.ActiveCfg = Debug|Any CPU
		{4D589A65-91D1-4526-942F-E20FAA7032C0}.Debug|Any CPU.Build.0 = Debug|Any CPU
		{4D589A65-91D1-4526-942F-E20FAA7032C0}.Release|Any CPU.ActiveCfg = Release|Any CPU
		{4D589A65-91D1-4526-942F-E20FAA7032C0}.Release|Any CPU.Build.0 = Release|Any CPU
		{B73356D0-DC05-4605-9403-6D0F1043D8C7}.Debug|Any CPU.ActiveCfg = Debug|Any CPU
		{B73356D0-DC05-4605-9403-6D0F1043D8C7}.Debug|Any CPU.Build.0 = Debug|Any CPU
		{B73356D0-DC05-4605-9403-6D0F1043D8C7}.Release|Any CPU.ActiveCfg = Release|Any CPU
		{B73356D0-DC05-4605-9403-6D0F1043D8C7}.Release|Any CPU.Build.0 = Release|Any CPU
	EndGlobalSection
	GlobalSection(SolutionProperties) = preSolution
		HideSolutionNode = FALSE
	EndGlobalSection
EndGlobal
